// !$*UTF8*$!
{
	archiveVersion = 1;
	classes = {
	};
	objectVersion = 50;
	objects = {

/* Begin PBXBuildFile section */
		C731E93026B157F500DB7BDA /* SimilarMoviesUseCase.swift in Sources */ = {isa = PBXBuildFile; fileRef = C731E92F26B157F500DB7BDA /* SimilarMoviesUseCase.swift */; };
		C731E93526B159EE00DB7BDA /* MovieSummaryViewModel.swift in Sources */ = {isa = PBXBuildFile; fileRef = C731E93426B159EE00DB7BDA /* MovieSummaryViewModel.swift */; };
		C731E93F26B15D5100DB7BDA /* SimilarMovieViewModel.swift in Sources */ = {isa = PBXBuildFile; fileRef = C731E93E26B15D5100DB7BDA /* SimilarMovieViewModel.swift */; };
		C731E94726B17E4100DB7BDA /* SimilarMovieView.swift in Sources */ = {isa = PBXBuildFile; fileRef = C731E94626B17E4100DB7BDA /* SimilarMovieView.swift */; };
		C731E94C26B17E7900DB7BDA /* SimilarMovieView.xib in Resources */ = {isa = PBXBuildFile; fileRef = C731E94B26B17E7900DB7BDA /* SimilarMovieView.xib */; };
		C73C4F9C26AE017400AFC4F8 /* DataTransferService.swift in Sources */ = {isa = PBXBuildFile; fileRef = C73C4F9B26AE017400AFC4F8 /* DataTransferService.swift */; };
		C73C4FA126AE026500AFC4F8 /* NetworkService.swift in Sources */ = {isa = PBXBuildFile; fileRef = C73C4FA026AE026500AFC4F8 /* NetworkService.swift */; };
		C73C4FA626AE035D00AFC4F8 /* DataTransferResponse.swift in Sources */ = {isa = PBXBuildFile; fileRef = C73C4FA526AE035D00AFC4F8 /* DataTransferResponse.swift */; };
		C73C4FAE26AF12D000AFC4F8 /* ErrorType.swift in Sources */ = {isa = PBXBuildFile; fileRef = C73C4FAD26AF12D000AFC4F8 /* ErrorType.swift */; };
		C73C4FB426AF4F4B00AFC4F8 /* RequestBuilder.swift in Sources */ = {isa = PBXBuildFile; fileRef = C73C4FB326AF4F4B00AFC4F8 /* RequestBuilder.swift */; };
		C73C4FC626AF58C900AFC4F8 /* Bundle+Extension.swift in Sources */ = {isa = PBXBuildFile; fileRef = C73C4FC526AF58C900AFC4F8 /* Bundle+Extension.swift */; };
		C73C4FD126AF6FCC00AFC4F8 /* Movie.swift in Sources */ = {isa = PBXBuildFile; fileRef = C73C4FD026AF6FCC00AFC4F8 /* Movie.swift */; };
		C73C4FD626AF71E500AFC4F8 /* PopularMoviesRepository.swift in Sources */ = {isa = PBXBuildFile; fileRef = C73C4FD526AF71E500AFC4F8 /* PopularMoviesRepository.swift */; };
		C73C4FDB26AF71F500AFC4F8 /* SimilarMoviesRepository.swift in Sources */ = {isa = PBXBuildFile; fileRef = C73C4FDA26AF71F500AFC4F8 /* SimilarMoviesRepository.swift */; };
		C73C4FE026AF720400AFC4F8 /* MovieImageRepository.swift in Sources */ = {isa = PBXBuildFile; fileRef = C73C4FDF26AF720400AFC4F8 /* MovieImageRepository.swift */; };
		C73C4FF226AF73E700AFC4F8 /* MovieDTO.swift in Sources */ = {isa = PBXBuildFile; fileRef = C73C4FF126AF73E700AFC4F8 /* MovieDTO.swift */; };
		C73C4FFA26AF743F00AFC4F8 /* DefaultMovieImageRepository.swift in Sources */ = {isa = PBXBuildFile; fileRef = C73C4FF926AF743F00AFC4F8 /* DefaultMovieImageRepository.swift */; };
		C73C4FFF26AF745A00AFC4F8 /* DefaultPopularMoviesRepository.swift in Sources */ = {isa = PBXBuildFile; fileRef = C73C4FFE26AF745A00AFC4F8 /* DefaultPopularMoviesRepository.swift */; };
		C73C500426AF746A00AFC4F8 /* DefaultSimilarMoviesRepository.swift in Sources */ = {isa = PBXBuildFile; fileRef = C73C500326AF746A00AFC4F8 /* DefaultSimilarMoviesRepository.swift */; };
		C73C501726B014D100AFC4F8 /* MoviesViewController.swift in Sources */ = {isa = PBXBuildFile; fileRef = C73C501526B014D100AFC4F8 /* MoviesViewController.swift */; };
		C73C501826B014D100AFC4F8 /* MoviesViewController.xib in Resources */ = {isa = PBXBuildFile; fileRef = C73C501626B014D100AFC4F8 /* MoviesViewController.xib */; };
		C73C501D26B0194C00AFC4F8 /* MoviesPresenter.swift in Sources */ = {isa = PBXBuildFile; fileRef = C73C501C26B0194C00AFC4F8 /* MoviesPresenter.swift */; };
		C73C502226B0196700AFC4F8 /* MoviesNavigator.swift in Sources */ = {isa = PBXBuildFile; fileRef = C73C502126B0196700AFC4F8 /* MoviesNavigator.swift */; };
		C73C502A26B0197800AFC4F8 /* MoviesFactory.swift in Sources */ = {isa = PBXBuildFile; fileRef = C73C502926B0197800AFC4F8 /* MoviesFactory.swift */; };
		C73C503326B019A300AFC4F8 /* DetailsViewController.swift in Sources */ = {isa = PBXBuildFile; fileRef = C73C503126B019A300AFC4F8 /* DetailsViewController.swift */; };
		C73C503426B019A300AFC4F8 /* DetailsViewController.xib in Resources */ = {isa = PBXBuildFile; fileRef = C73C503226B019A300AFC4F8 /* DetailsViewController.xib */; };
		C73C503C26B019B300AFC4F8 /* DetailsPresenter.swift in Sources */ = {isa = PBXBuildFile; fileRef = C73C503B26B019B300AFC4F8 /* DetailsPresenter.swift */; };
		C73C504C26B01A1E00AFC4F8 /* DetailsNavigator.swift in Sources */ = {isa = PBXBuildFile; fileRef = C73C504B26B01A1E00AFC4F8 /* DetailsNavigator.swift */; };
		C73C505126B01A2D00AFC4F8 /* DetailsFactory.swift in Sources */ = {isa = PBXBuildFile; fileRef = C73C505026B01A2D00AFC4F8 /* DetailsFactory.swift */; };
		C73C505926B031C800AFC4F8 /* PopularMoviesUseCase.swift in Sources */ = {isa = PBXBuildFile; fileRef = C73C505826B031C800AFC4F8 /* PopularMoviesUseCase.swift */; };
		C73C505E26B0356B00AFC4F8 /* PageState.swift in Sources */ = {isa = PBXBuildFile; fileRef = C73C505D26B0356B00AFC4F8 /* PageState.swift */; };
		C73C507526B0718800AFC4F8 /* MovieSummaryView.swift in Sources */ = {isa = PBXBuildFile; fileRef = C73C507426B0718800AFC4F8 /* MovieSummaryView.swift */; };
		C73C509526B0789A00AFC4F8 /* MovieSummaryView.xib in Resources */ = {isa = PBXBuildFile; fileRef = C73C509426B0789A00AFC4F8 /* MovieSummaryView.xib */; };
		C73C50A226B0849C00AFC4F8 /* NSObject+Extension.swift in Sources */ = {isa = PBXBuildFile; fileRef = C73C50A126B0849C00AFC4F8 /* NSObject+Extension.swift */; };
		C73C50B926B0869A00AFC4F8 /* DefaultView.swift in Sources */ = {isa = PBXBuildFile; fileRef = C73C50B826B0869A00AFC4F8 /* DefaultView.swift */; };
		C73C50BE26B0877300AFC4F8 /* DefaultCell.swift in Sources */ = {isa = PBXBuildFile; fileRef = C73C50BD26B0877300AFC4F8 /* DefaultCell.swift */; };
		C773A3A126ADB6C3006ECC34 /* AppDelegate.swift in Sources */ = {isa = PBXBuildFile; fileRef = C773A3A026ADB6C3006ECC34 /* AppDelegate.swift */; };
		C773A3A326ADB6C3006ECC34 /* SceneDelegate.swift in Sources */ = {isa = PBXBuildFile; fileRef = C773A3A226ADB6C3006ECC34 /* SceneDelegate.swift */; };
		C773A3A526ADB6C3006ECC34 /* RootViewController.swift in Sources */ = {isa = PBXBuildFile; fileRef = C773A3A426ADB6C3006ECC34 /* RootViewController.swift */; };
		C773A3A826ADB6C3006ECC34 /* Main.storyboard in Resources */ = {isa = PBXBuildFile; fileRef = C773A3A626ADB6C3006ECC34 /* Main.storyboard */; };
		C773A3AA26ADB6C6006ECC34 /* Assets.xcassets in Resources */ = {isa = PBXBuildFile; fileRef = C773A3A926ADB6C6006ECC34 /* Assets.xcassets */; };
		C773A3AD26ADB6C6006ECC34 /* LaunchScreen.storyboard in Resources */ = {isa = PBXBuildFile; fileRef = C773A3AB26ADB6C6006ECC34 /* LaunchScreen.storyboard */; };
		C773A3B826ADB6C6006ECC34 /* MovieAppTests.swift in Sources */ = {isa = PBXBuildFile; fileRef = C773A3B726ADB6C6006ECC34 /* MovieAppTests.swift */; };
		C773A3C326ADB6C6006ECC34 /* MovieAppUITests.swift in Sources */ = {isa = PBXBuildFile; fileRef = C773A3C226ADB6C6006ECC34 /* MovieAppUITests.swift */; };
		C7EE5F9926B2DB21001AC16F /* UIViewController+Extension.swift in Sources */ = {isa = PBXBuildFile; fileRef = C7EE5F9826B2DB21001AC16F /* UIViewController+Extension.swift */; };
/* End PBXBuildFile section */

/* Begin PBXContainerItemProxy section */
		C773A3B426ADB6C6006ECC34 /* PBXContainerItemProxy */ = {
			isa = PBXContainerItemProxy;
			containerPortal = C773A39526ADB6C3006ECC34 /* Project object */;
			proxyType = 1;
			remoteGlobalIDString = C773A39C26ADB6C3006ECC34;
			remoteInfo = MovieApp;
		};
		C773A3BF26ADB6C6006ECC34 /* PBXContainerItemProxy */ = {
			isa = PBXContainerItemProxy;
			containerPortal = C773A39526ADB6C3006ECC34 /* Project object */;
			proxyType = 1;
			remoteGlobalIDString = C773A39C26ADB6C3006ECC34;
			remoteInfo = MovieApp;
		};
/* End PBXContainerItemProxy section */

/* Begin PBXFileReference section */
		C731E92F26B157F500DB7BDA /* SimilarMoviesUseCase.swift */ = {isa = PBXFileReference; lastKnownFileType = sourcecode.swift; path = SimilarMoviesUseCase.swift; sourceTree = "<group>"; };
		C731E93426B159EE00DB7BDA /* MovieSummaryViewModel.swift */ = {isa = PBXFileReference; lastKnownFileType = sourcecode.swift; path = MovieSummaryViewModel.swift; sourceTree = "<group>"; };
		C731E93E26B15D5100DB7BDA /* SimilarMovieViewModel.swift */ = {isa = PBXFileReference; lastKnownFileType = sourcecode.swift; path = SimilarMovieViewModel.swift; sourceTree = "<group>"; };
		C731E94626B17E4100DB7BDA /* SimilarMovieView.swift */ = {isa = PBXFileReference; lastKnownFileType = sourcecode.swift; path = SimilarMovieView.swift; sourceTree = "<group>"; };
		C731E94B26B17E7900DB7BDA /* SimilarMovieView.xib */ = {isa = PBXFileReference; lastKnownFileType = file.xib; path = SimilarMovieView.xib; sourceTree = "<group>"; };
		C73C4F9B26AE017400AFC4F8 /* DataTransferService.swift */ = {isa = PBXFileReference; lastKnownFileType = sourcecode.swift; path = DataTransferService.swift; sourceTree = "<group>"; };
		C73C4FA026AE026500AFC4F8 /* NetworkService.swift */ = {isa = PBXFileReference; lastKnownFileType = sourcecode.swift; path = NetworkService.swift; sourceTree = "<group>"; };
		C73C4FA526AE035D00AFC4F8 /* DataTransferResponse.swift */ = {isa = PBXFileReference; lastKnownFileType = sourcecode.swift; path = DataTransferResponse.swift; sourceTree = "<group>"; };
		C73C4FAD26AF12D000AFC4F8 /* ErrorType.swift */ = {isa = PBXFileReference; lastKnownFileType = sourcecode.swift; path = ErrorType.swift; sourceTree = "<group>"; };
		C73C4FB326AF4F4B00AFC4F8 /* RequestBuilder.swift */ = {isa = PBXFileReference; lastKnownFileType = sourcecode.swift; path = RequestBuilder.swift; sourceTree = "<group>"; };
		C73C4FC526AF58C900AFC4F8 /* Bundle+Extension.swift */ = {isa = PBXFileReference; lastKnownFileType = sourcecode.swift; path = "Bundle+Extension.swift"; sourceTree = "<group>"; };
		C73C4FD026AF6FCC00AFC4F8 /* Movie.swift */ = {isa = PBXFileReference; lastKnownFileType = sourcecode.swift; path = Movie.swift; sourceTree = "<group>"; };
		C73C4FD526AF71E500AFC4F8 /* PopularMoviesRepository.swift */ = {isa = PBXFileReference; lastKnownFileType = sourcecode.swift; path = PopularMoviesRepository.swift; sourceTree = "<group>"; };
		C73C4FDA26AF71F500AFC4F8 /* SimilarMoviesRepository.swift */ = {isa = PBXFileReference; lastKnownFileType = sourcecode.swift; path = SimilarMoviesRepository.swift; sourceTree = "<group>"; };
		C73C4FDF26AF720400AFC4F8 /* MovieImageRepository.swift */ = {isa = PBXFileReference; lastKnownFileType = sourcecode.swift; path = MovieImageRepository.swift; sourceTree = "<group>"; };
		C73C4FF126AF73E700AFC4F8 /* MovieDTO.swift */ = {isa = PBXFileReference; lastKnownFileType = sourcecode.swift; path = MovieDTO.swift; sourceTree = "<group>"; };
		C73C4FF926AF743F00AFC4F8 /* DefaultMovieImageRepository.swift */ = {isa = PBXFileReference; lastKnownFileType = sourcecode.swift; path = DefaultMovieImageRepository.swift; sourceTree = "<group>"; };
		C73C4FFE26AF745A00AFC4F8 /* DefaultPopularMoviesRepository.swift */ = {isa = PBXFileReference; lastKnownFileType = sourcecode.swift; path = DefaultPopularMoviesRepository.swift; sourceTree = "<group>"; };
		C73C500326AF746A00AFC4F8 /* DefaultSimilarMoviesRepository.swift */ = {isa = PBXFileReference; lastKnownFileType = sourcecode.swift; path = DefaultSimilarMoviesRepository.swift; sourceTree = "<group>"; };
		C73C501526B014D100AFC4F8 /* MoviesViewController.swift */ = {isa = PBXFileReference; lastKnownFileType = sourcecode.swift; path = MoviesViewController.swift; sourceTree = "<group>"; };
		C73C501626B014D100AFC4F8 /* MoviesViewController.xib */ = {isa = PBXFileReference; lastKnownFileType = file.xib; path = MoviesViewController.xib; sourceTree = "<group>"; };
		C73C501C26B0194C00AFC4F8 /* MoviesPresenter.swift */ = {isa = PBXFileReference; lastKnownFileType = sourcecode.swift; path = MoviesPresenter.swift; sourceTree = "<group>"; };
		C73C502126B0196700AFC4F8 /* MoviesNavigator.swift */ = {isa = PBXFileReference; lastKnownFileType = sourcecode.swift; path = MoviesNavigator.swift; sourceTree = "<group>"; };
		C73C502926B0197800AFC4F8 /* MoviesFactory.swift */ = {isa = PBXFileReference; lastKnownFileType = sourcecode.swift; path = MoviesFactory.swift; sourceTree = "<group>"; };
		C73C503126B019A300AFC4F8 /* DetailsViewController.swift */ = {isa = PBXFileReference; lastKnownFileType = sourcecode.swift; path = DetailsViewController.swift; sourceTree = "<group>"; };
		C73C503226B019A300AFC4F8 /* DetailsViewController.xib */ = {isa = PBXFileReference; lastKnownFileType = file.xib; path = DetailsViewController.xib; sourceTree = "<group>"; };
		C73C503B26B019B300AFC4F8 /* DetailsPresenter.swift */ = {isa = PBXFileReference; lastKnownFileType = sourcecode.swift; path = DetailsPresenter.swift; sourceTree = "<group>"; };
		C73C504B26B01A1E00AFC4F8 /* DetailsNavigator.swift */ = {isa = PBXFileReference; lastKnownFileType = sourcecode.swift; path = DetailsNavigator.swift; sourceTree = "<group>"; };
		C73C505026B01A2D00AFC4F8 /* DetailsFactory.swift */ = {isa = PBXFileReference; lastKnownFileType = sourcecode.swift; path = DetailsFactory.swift; sourceTree = "<group>"; };
		C73C505826B031C800AFC4F8 /* PopularMoviesUseCase.swift */ = {isa = PBXFileReference; lastKnownFileType = sourcecode.swift; path = PopularMoviesUseCase.swift; sourceTree = "<group>"; };
		C73C505D26B0356B00AFC4F8 /* PageState.swift */ = {isa = PBXFileReference; lastKnownFileType = sourcecode.swift; path = PageState.swift; sourceTree = "<group>"; };
		C73C507426B0718800AFC4F8 /* MovieSummaryView.swift */ = {isa = PBXFileReference; lastKnownFileType = sourcecode.swift; path = MovieSummaryView.swift; sourceTree = "<group>"; };
		C73C509426B0789A00AFC4F8 /* MovieSummaryView.xib */ = {isa = PBXFileReference; lastKnownFileType = file.xib; path = MovieSummaryView.xib; sourceTree = "<group>"; };
		C73C50A126B0849C00AFC4F8 /* NSObject+Extension.swift */ = {isa = PBXFileReference; lastKnownFileType = sourcecode.swift; path = "NSObject+Extension.swift"; sourceTree = "<group>"; };
		C73C50B826B0869A00AFC4F8 /* DefaultView.swift */ = {isa = PBXFileReference; lastKnownFileType = sourcecode.swift; path = DefaultView.swift; sourceTree = "<group>"; };
		C73C50BD26B0877300AFC4F8 /* DefaultCell.swift */ = {isa = PBXFileReference; lastKnownFileType = sourcecode.swift; path = DefaultCell.swift; sourceTree = "<group>"; };
		C773A39D26ADB6C3006ECC34 /* MovieApp.app */ = {isa = PBXFileReference; explicitFileType = wrapper.application; includeInIndex = 0; path = MovieApp.app; sourceTree = BUILT_PRODUCTS_DIR; };
		C773A3A026ADB6C3006ECC34 /* AppDelegate.swift */ = {isa = PBXFileReference; lastKnownFileType = sourcecode.swift; path = AppDelegate.swift; sourceTree = "<group>"; };
		C773A3A226ADB6C3006ECC34 /* SceneDelegate.swift */ = {isa = PBXFileReference; lastKnownFileType = sourcecode.swift; path = SceneDelegate.swift; sourceTree = "<group>"; };
		C773A3A426ADB6C3006ECC34 /* RootViewController.swift */ = {isa = PBXFileReference; lastKnownFileType = sourcecode.swift; path = RootViewController.swift; sourceTree = "<group>"; };
		C773A3A726ADB6C3006ECC34 /* Base */ = {isa = PBXFileReference; lastKnownFileType = file.storyboard; name = Base; path = Base.lproj/Main.storyboard; sourceTree = "<group>"; };
		C773A3A926ADB6C6006ECC34 /* Assets.xcassets */ = {isa = PBXFileReference; lastKnownFileType = folder.assetcatalog; path = Assets.xcassets; sourceTree = "<group>"; };
		C773A3AC26ADB6C6006ECC34 /* Base */ = {isa = PBXFileReference; lastKnownFileType = file.storyboard; name = Base; path = Base.lproj/LaunchScreen.storyboard; sourceTree = "<group>"; };
		C773A3AE26ADB6C6006ECC34 /* Info.plist */ = {isa = PBXFileReference; lastKnownFileType = text.plist.xml; path = Info.plist; sourceTree = "<group>"; };
		C773A3B326ADB6C6006ECC34 /* MovieAppTests.xctest */ = {isa = PBXFileReference; explicitFileType = wrapper.cfbundle; includeInIndex = 0; path = MovieAppTests.xctest; sourceTree = BUILT_PRODUCTS_DIR; };
		C773A3B726ADB6C6006ECC34 /* MovieAppTests.swift */ = {isa = PBXFileReference; lastKnownFileType = sourcecode.swift; path = MovieAppTests.swift; sourceTree = "<group>"; };
		C773A3B926ADB6C6006ECC34 /* Info.plist */ = {isa = PBXFileReference; lastKnownFileType = text.plist.xml; path = Info.plist; sourceTree = "<group>"; };
		C773A3BE26ADB6C6006ECC34 /* MovieAppUITests.xctest */ = {isa = PBXFileReference; explicitFileType = wrapper.cfbundle; includeInIndex = 0; path = MovieAppUITests.xctest; sourceTree = BUILT_PRODUCTS_DIR; };
		C773A3C226ADB6C6006ECC34 /* MovieAppUITests.swift */ = {isa = PBXFileReference; lastKnownFileType = sourcecode.swift; path = MovieAppUITests.swift; sourceTree = "<group>"; };
		C773A3C426ADB6C6006ECC34 /* Info.plist */ = {isa = PBXFileReference; lastKnownFileType = text.plist.xml; path = Info.plist; sourceTree = "<group>"; };
		C7EE5F9826B2DB21001AC16F /* UIViewController+Extension.swift */ = {isa = PBXFileReference; lastKnownFileType = sourcecode.swift; path = "UIViewController+Extension.swift"; sourceTree = "<group>"; };
/* End PBXFileReference section */

/* Begin PBXFrameworksBuildPhase section */
		C773A39A26ADB6C3006ECC34 /* Frameworks */ = {
			isa = PBXFrameworksBuildPhase;
			buildActionMask = 2147483647;
			files = (
			);
			runOnlyForDeploymentPostprocessing = 0;
		};
		C773A3B026ADB6C6006ECC34 /* Frameworks */ = {
			isa = PBXFrameworksBuildPhase;
			buildActionMask = 2147483647;
			files = (
			);
			runOnlyForDeploymentPostprocessing = 0;
		};
		C773A3BB26ADB6C6006ECC34 /* Frameworks */ = {
			isa = PBXFrameworksBuildPhase;
			buildActionMask = 2147483647;
			files = (
			);
			runOnlyForDeploymentPostprocessing = 0;
		};
/* End PBXFrameworksBuildPhase section */

/* Begin PBXGroup section */
		C731E93C26B15D0000DB7BDA /* Views */ = {
			isa = PBXGroup;
			children = (
				C731E93D26B15D0E00DB7BDA /* Similar Movie */,
			);
			path = Views;
			sourceTree = "<group>";
		};
		C731E93D26B15D0E00DB7BDA /* Similar Movie */ = {
			isa = PBXGroup;
			children = (
				C731E93E26B15D5100DB7BDA /* SimilarMovieViewModel.swift */,
				C731E94626B17E4100DB7BDA /* SimilarMovieView.swift */,
				C731E94B26B17E7900DB7BDA /* SimilarMovieView.xib */,
			);
			path = "Similar Movie";
			sourceTree = "<group>";
		};
		C73C4F3A26ADE01A00AFC4F8 /* Supporting Files */ = {
			isa = PBXGroup;
			children = (
				C773A3A026ADB6C3006ECC34 /* AppDelegate.swift */,
				C773A3A226ADB6C3006ECC34 /* SceneDelegate.swift */,
				C773A3A626ADB6C3006ECC34 /* Main.storyboard */,
				C773A3A926ADB6C6006ECC34 /* Assets.xcassets */,
				C773A3AB26ADB6C6006ECC34 /* LaunchScreen.storyboard */,
			);
			path = "Supporting Files";
			sourceTree = "<group>";
		};
		C73C4F6B26ADF6EB00AFC4F8 /* Data */ = {
			isa = PBXGroup;
			children = (
				C73C4F6C26ADF76200AFC4F8 /* API */,
			);
			path = Data;
			sourceTree = "<group>";
		};
		C73C4F6C26ADF76200AFC4F8 /* API */ = {
			isa = PBXGroup;
			children = (
				C73C4F6D26ADF76A00AFC4F8 /* Infrastructure */,
				C73C4F7226ADF81400AFC4F8 /* Repositories */,
			);
			path = API;
			sourceTree = "<group>";
		};
		C73C4F6D26ADF76A00AFC4F8 /* Infrastructure */ = {
			isa = PBXGroup;
			children = (
				C73C4FB326AF4F4B00AFC4F8 /* RequestBuilder.swift */,
				C73C4F9B26AE017400AFC4F8 /* DataTransferService.swift */,
				C73C4FA526AE035D00AFC4F8 /* DataTransferResponse.swift */,
				C73C4FA026AE026500AFC4F8 /* NetworkService.swift */,
			);
			path = Infrastructure;
			sourceTree = "<group>";
		};
		C73C4F6E26ADF78B00AFC4F8 /* Domain */ = {
			isa = PBXGroup;
			children = (
				C73C4F7126ADF7CC00AFC4F8 /* Use Cases */,
				C73C4F6F26ADF7B800AFC4F8 /* Repositories */,
				C73C4F7026ADF7C300AFC4F8 /* Entities */,
			);
			path = Domain;
			sourceTree = "<group>";
		};
		C73C4F6F26ADF7B800AFC4F8 /* Repositories */ = {
			isa = PBXGroup;
			children = (
				C73C4FD526AF71E500AFC4F8 /* PopularMoviesRepository.swift */,
				C73C4FDA26AF71F500AFC4F8 /* SimilarMoviesRepository.swift */,
				C73C4FDF26AF720400AFC4F8 /* MovieImageRepository.swift */,
			);
			path = Repositories;
			sourceTree = "<group>";
		};
		C73C4F7026ADF7C300AFC4F8 /* Entities */ = {
			isa = PBXGroup;
			children = (
				C73C4FD026AF6FCC00AFC4F8 /* Movie.swift */,
				C73C4FAD26AF12D000AFC4F8 /* ErrorType.swift */,
				C73C505D26B0356B00AFC4F8 /* PageState.swift */,
			);
			path = Entities;
			sourceTree = "<group>";
		};
		C73C4F7126ADF7CC00AFC4F8 /* Use Cases */ = {
			isa = PBXGroup;
			children = (
				C73C505826B031C800AFC4F8 /* PopularMoviesUseCase.swift */,
				C731E92F26B157F500DB7BDA /* SimilarMoviesUseCase.swift */,
			);
			path = "Use Cases";
			sourceTree = "<group>";
		};
		C73C4F7226ADF81400AFC4F8 /* Repositories */ = {
			isa = PBXGroup;
			children = (
				C73C4FE626AF737D00AFC4F8 /* Movies */,
				C73C4FE426AF736900AFC4F8 /* Movie Image */,
			);
			path = Repositories;
			sourceTree = "<group>";
		};
		C73C4FC326AF588E00AFC4F8 /* Extensions */ = {
			isa = PBXGroup;
			children = (
				C73C4FC526AF58C900AFC4F8 /* Bundle+Extension.swift */,
				C73C50A126B0849C00AFC4F8 /* NSObject+Extension.swift */,
				C7EE5F9826B2DB21001AC16F /* UIViewController+Extension.swift */,
			);
			path = Extensions;
			sourceTree = "<group>";
		};
		C73C4FC426AF589B00AFC4F8 /* Shared */ = {
			isa = PBXGroup;
			children = (
				C73C50A626B085D500AFC4F8 /* Components */,
				C73C4FC326AF588E00AFC4F8 /* Extensions */,
			);
			path = Shared;
			sourceTree = "<group>";
		};
		C73C4FE426AF736900AFC4F8 /* Movie Image */ = {
			isa = PBXGroup;
			children = (
				C73C4FF926AF743F00AFC4F8 /* DefaultMovieImageRepository.swift */,
			);
			path = "Movie Image";
			sourceTree = "<group>";
		};
		C73C4FE626AF737D00AFC4F8 /* Movies */ = {
			isa = PBXGroup;
			children = (
				C73C4FF126AF73E700AFC4F8 /* MovieDTO.swift */,
				C73C4FFE26AF745A00AFC4F8 /* DefaultPopularMoviesRepository.swift */,
				C73C500326AF746A00AFC4F8 /* DefaultSimilarMoviesRepository.swift */,
			);
			path = Movies;
			sourceTree = "<group>";
		};
		C73C500E26B013BF00AFC4F8 /* Presentation */ = {
			isa = PBXGroup;
			children = (
				C73C500F26B013CB00AFC4F8 /* Root */,
				C73C501026B013D200AFC4F8 /* Movies */,
				C73C501126B013DE00AFC4F8 /* Details */,
			);
			path = Presentation;
			sourceTree = "<group>";
		};
		C73C500F26B013CB00AFC4F8 /* Root */ = {
			isa = PBXGroup;
			children = (
				C773A3A426ADB6C3006ECC34 /* RootViewController.swift */,
			);
			path = Root;
			sourceTree = "<group>";
		};
		C73C501026B013D200AFC4F8 /* Movies */ = {
			isa = PBXGroup;
			children = (
				C73C506526B0706900AFC4F8 /* Views */,
				C73C502926B0197800AFC4F8 /* MoviesFactory.swift */,
				C73C502126B0196700AFC4F8 /* MoviesNavigator.swift */,
				C73C501C26B0194C00AFC4F8 /* MoviesPresenter.swift */,
				C73C501526B014D100AFC4F8 /* MoviesViewController.swift */,
				C73C501626B014D100AFC4F8 /* MoviesViewController.xib */,
			);
			path = Movies;
			sourceTree = "<group>";
		};
		C73C501126B013DE00AFC4F8 /* Details */ = {
			isa = PBXGroup;
			children = (
				C731E93C26B15D0000DB7BDA /* Views */,
				C73C505026B01A2D00AFC4F8 /* DetailsFactory.swift */,
				C73C504B26B01A1E00AFC4F8 /* DetailsNavigator.swift */,
				C73C503B26B019B300AFC4F8 /* DetailsPresenter.swift */,
				C73C503126B019A300AFC4F8 /* DetailsViewController.swift */,
				C73C503226B019A300AFC4F8 /* DetailsViewController.xib */,
			);
			path = Details;
			sourceTree = "<group>";
		};
		C73C506526B0706900AFC4F8 /* Views */ = {
			isa = PBXGroup;
			children = (
				C73C506626B070AC00AFC4F8 /* Movie Summary */,
			);
			path = Views;
			sourceTree = "<group>";
		};
		C73C506626B070AC00AFC4F8 /* Movie Summary */ = {
			isa = PBXGroup;
			children = (
				C731E93426B159EE00DB7BDA /* MovieSummaryViewModel.swift */,
				C73C507426B0718800AFC4F8 /* MovieSummaryView.swift */,
				C73C509426B0789A00AFC4F8 /* MovieSummaryView.xib */,
			);
			path = "Movie Summary";
			sourceTree = "<group>";
		};
		C73C50A626B085D500AFC4F8 /* Components */ = {
			isa = PBXGroup;
			children = (
				C73C50B826B0869A00AFC4F8 /* DefaultView.swift */,
				C73C50BD26B0877300AFC4F8 /* DefaultCell.swift */,
			);
			path = Components;
			sourceTree = "<group>";
		};
		C773A39426ADB6C3006ECC34 = {
			isa = PBXGroup;
			children = (
				C773A39F26ADB6C3006ECC34 /* MovieApp */,
				C773A3B626ADB6C6006ECC34 /* MovieAppTests */,
				C773A3C126ADB6C6006ECC34 /* MovieAppUITests */,
				C773A39E26ADB6C3006ECC34 /* Products */,
			);
			sourceTree = "<group>";
		};
		C773A39E26ADB6C3006ECC34 /* Products */ = {
			isa = PBXGroup;
			children = (
				C773A39D26ADB6C3006ECC34 /* MovieApp.app */,
				C773A3B326ADB6C6006ECC34 /* MovieAppTests.xctest */,
				C773A3BE26ADB6C6006ECC34 /* MovieAppUITests.xctest */,
			);
			name = Products;
			sourceTree = "<group>";
		};
		C773A39F26ADB6C3006ECC34 /* MovieApp */ = {
			isa = PBXGroup;
			children = (
				C73C500E26B013BF00AFC4F8 /* Presentation */,
				C73C4F6E26ADF78B00AFC4F8 /* Domain */,
				C73C4F6B26ADF6EB00AFC4F8 /* Data */,
				C73C4FC426AF589B00AFC4F8 /* Shared */,
				C73C4F3A26ADE01A00AFC4F8 /* Supporting Files */,
				C773A3AE26ADB6C6006ECC34 /* Info.plist */,
			);
			path = MovieApp;
			sourceTree = "<group>";
		};
		C773A3B626ADB6C6006ECC34 /* MovieAppTests */ = {
			isa = PBXGroup;
			children = (
				C773A3B726ADB6C6006ECC34 /* MovieAppTests.swift */,
				C773A3B926ADB6C6006ECC34 /* Info.plist */,
			);
			path = MovieAppTests;
			sourceTree = "<group>";
		};
		C773A3C126ADB6C6006ECC34 /* MovieAppUITests */ = {
			isa = PBXGroup;
			children = (
				C773A3C226ADB6C6006ECC34 /* MovieAppUITests.swift */,
				C773A3C426ADB6C6006ECC34 /* Info.plist */,
			);
			path = MovieAppUITests;
			sourceTree = "<group>";
		};
/* End PBXGroup section */

/* Begin PBXNativeTarget section */
		C773A39C26ADB6C3006ECC34 /* MovieApp */ = {
			isa = PBXNativeTarget;
			buildConfigurationList = C773A3C726ADB6C6006ECC34 /* Build configuration list for PBXNativeTarget "MovieApp" */;
			buildPhases = (
				C773A39926ADB6C3006ECC34 /* Sources */,
				C773A39A26ADB6C3006ECC34 /* Frameworks */,
				C773A39B26ADB6C3006ECC34 /* Resources */,
			);
			buildRules = (
			);
			dependencies = (
			);
			name = MovieApp;
			productName = MovieApp;
			productReference = C773A39D26ADB6C3006ECC34 /* MovieApp.app */;
			productType = "com.apple.product-type.application";
		};
		C773A3B226ADB6C6006ECC34 /* MovieAppTests */ = {
			isa = PBXNativeTarget;
			buildConfigurationList = C773A3CA26ADB6C6006ECC34 /* Build configuration list for PBXNativeTarget "MovieAppTests" */;
			buildPhases = (
				C773A3AF26ADB6C6006ECC34 /* Sources */,
				C773A3B026ADB6C6006ECC34 /* Frameworks */,
				C773A3B126ADB6C6006ECC34 /* Resources */,
			);
			buildRules = (
			);
			dependencies = (
				C773A3B526ADB6C6006ECC34 /* PBXTargetDependency */,
			);
			name = MovieAppTests;
			productName = MovieAppTests;
			productReference = C773A3B326ADB6C6006ECC34 /* MovieAppTests.xctest */;
			productType = "com.apple.product-type.bundle.unit-test";
		};
		C773A3BD26ADB6C6006ECC34 /* MovieAppUITests */ = {
			isa = PBXNativeTarget;
			buildConfigurationList = C773A3CD26ADB6C6006ECC34 /* Build configuration list for PBXNativeTarget "MovieAppUITests" */;
			buildPhases = (
				C773A3BA26ADB6C6006ECC34 /* Sources */,
				C773A3BB26ADB6C6006ECC34 /* Frameworks */,
				C773A3BC26ADB6C6006ECC34 /* Resources */,
			);
			buildRules = (
			);
			dependencies = (
				C773A3C026ADB6C6006ECC34 /* PBXTargetDependency */,
			);
			name = MovieAppUITests;
			productName = MovieAppUITests;
			productReference = C773A3BE26ADB6C6006ECC34 /* MovieAppUITests.xctest */;
			productType = "com.apple.product-type.bundle.ui-testing";
		};
/* End PBXNativeTarget section */

/* Begin PBXProject section */
		C773A39526ADB6C3006ECC34 /* Project object */ = {
			isa = PBXProject;
			attributes = {
				LastSwiftUpdateCheck = 1240;
				LastUpgradeCheck = 1240;
				TargetAttributes = {
					C773A39C26ADB6C3006ECC34 = {
						CreatedOnToolsVersion = 12.4;
					};
					C773A3B226ADB6C6006ECC34 = {
						CreatedOnToolsVersion = 12.4;
						TestTargetID = C773A39C26ADB6C3006ECC34;
					};
					C773A3BD26ADB6C6006ECC34 = {
						CreatedOnToolsVersion = 12.4;
						TestTargetID = C773A39C26ADB6C3006ECC34;
					};
				};
			};
			buildConfigurationList = C773A39826ADB6C3006ECC34 /* Build configuration list for PBXProject "MovieApp" */;
			compatibilityVersion = "Xcode 9.3";
			developmentRegion = en;
			hasScannedForEncodings = 0;
			knownRegions = (
				en,
				Base,
			);
			mainGroup = C773A39426ADB6C3006ECC34;
			productRefGroup = C773A39E26ADB6C3006ECC34 /* Products */;
			projectDirPath = "";
			projectRoot = "";
			targets = (
				C773A39C26ADB6C3006ECC34 /* MovieApp */,
				C773A3B226ADB6C6006ECC34 /* MovieAppTests */,
				C773A3BD26ADB6C6006ECC34 /* MovieAppUITests */,
			);
		};
/* End PBXProject section */

/* Begin PBXResourcesBuildPhase section */
		C773A39B26ADB6C3006ECC34 /* Resources */ = {
			isa = PBXResourcesBuildPhase;
			buildActionMask = 2147483647;
			files = (
				C773A3AD26ADB6C6006ECC34 /* LaunchScreen.storyboard in Resources */,
				C773A3AA26ADB6C6006ECC34 /* Assets.xcassets in Resources */,
				C731E94C26B17E7900DB7BDA /* SimilarMovieView.xib in Resources */,
				C73C503426B019A300AFC4F8 /* DetailsViewController.xib in Resources */,
				C773A3A826ADB6C3006ECC34 /* Main.storyboard in Resources */,
				C73C509526B0789A00AFC4F8 /* MovieSummaryView.xib in Resources */,
				C73C501826B014D100AFC4F8 /* MoviesViewController.xib in Resources */,
			);
			runOnlyForDeploymentPostprocessing = 0;
		};
		C773A3B126ADB6C6006ECC34 /* Resources */ = {
			isa = PBXResourcesBuildPhase;
			buildActionMask = 2147483647;
			files = (
			);
			runOnlyForDeploymentPostprocessing = 0;
		};
		C773A3BC26ADB6C6006ECC34 /* Resources */ = {
			isa = PBXResourcesBuildPhase;
			buildActionMask = 2147483647;
			files = (
			);
			runOnlyForDeploymentPostprocessing = 0;
		};
/* End PBXResourcesBuildPhase section */

/* Begin PBXSourcesBuildPhase section */
		C773A39926ADB6C3006ECC34 /* Sources */ = {
			isa = PBXSourcesBuildPhase;
			buildActionMask = 2147483647;
			files = (
				C7EE5F9926B2DB21001AC16F /* UIViewController+Extension.swift in Sources */,
				C73C4FDB26AF71F500AFC4F8 /* SimilarMoviesRepository.swift in Sources */,
				C73C505E26B0356B00AFC4F8 /* PageState.swift in Sources */,
				C731E93026B157F500DB7BDA /* SimilarMoviesUseCase.swift in Sources */,
				C73C4FA126AE026500AFC4F8 /* NetworkService.swift in Sources */,
				C73C505926B031C800AFC4F8 /* PopularMoviesUseCase.swift in Sources */,
				C73C503C26B019B300AFC4F8 /* DetailsPresenter.swift in Sources */,
				C73C4FC626AF58C900AFC4F8 /* Bundle+Extension.swift in Sources */,
				C73C503326B019A300AFC4F8 /* DetailsViewController.swift in Sources */,
				C73C505126B01A2D00AFC4F8 /* DetailsFactory.swift in Sources */,
				C73C4FE026AF720400AFC4F8 /* MovieImageRepository.swift in Sources */,
				C73C4FAE26AF12D000AFC4F8 /* ErrorType.swift in Sources */,
				C731E93526B159EE00DB7BDA /* MovieSummaryViewModel.swift in Sources */,
				C73C4FD626AF71E500AFC4F8 /* PopularMoviesRepository.swift in Sources */,
				C73C4FF226AF73E700AFC4F8 /* MovieDTO.swift in Sources */,
				C73C4FFA26AF743F00AFC4F8 /* DefaultMovieImageRepository.swift in Sources */,
				C73C500426AF746A00AFC4F8 /* DefaultSimilarMoviesRepository.swift in Sources */,
				C73C4F9C26AE017400AFC4F8 /* DataTransferService.swift in Sources */,
				C731E94726B17E4100DB7BDA /* SimilarMovieView.swift in Sources */,
				C731E93F26B15D5100DB7BDA /* SimilarMovieViewModel.swift in Sources */,
				C73C50A226B0849C00AFC4F8 /* NSObject+Extension.swift in Sources */,
				C73C4FD126AF6FCC00AFC4F8 /* Movie.swift in Sources */,
				C73C4FFF26AF745A00AFC4F8 /* DefaultPopularMoviesRepository.swift in Sources */,
				C773A3A526ADB6C3006ECC34 /* RootViewController.swift in Sources */,
				C773A3A126ADB6C3006ECC34 /* AppDelegate.swift in Sources */,
				C73C50BE26B0877300AFC4F8 /* DefaultCell.swift in Sources */,
				C773A3A326ADB6C3006ECC34 /* SceneDelegate.swift in Sources */,
				C73C4FA626AE035D00AFC4F8 /* DataTransferResponse.swift in Sources */,
				C73C504C26B01A1E00AFC4F8 /* DetailsNavigator.swift in Sources */,
				C73C507526B0718800AFC4F8 /* MovieSummaryView.swift in Sources */,
				C73C4FB426AF4F4B00AFC4F8 /* RequestBuilder.swift in Sources */,
				C73C502A26B0197800AFC4F8 /* MoviesFactory.swift in Sources */,
				C73C501D26B0194C00AFC4F8 /* MoviesPresenter.swift in Sources */,
				C73C50B926B0869A00AFC4F8 /* DefaultView.swift in Sources */,
				C73C502226B0196700AFC4F8 /* MoviesNavigator.swift in Sources */,
				C73C501726B014D100AFC4F8 /* MoviesViewController.swift in Sources */,
			);
			runOnlyForDeploymentPostprocessing = 0;
		};
		C773A3AF26ADB6C6006ECC34 /* Sources */ = {
			isa = PBXSourcesBuildPhase;
			buildActionMask = 2147483647;
			files = (
				C773A3B826ADB6C6006ECC34 /* MovieAppTests.swift in Sources */,
			);
			runOnlyForDeploymentPostprocessing = 0;
		};
		C773A3BA26ADB6C6006ECC34 /* Sources */ = {
			isa = PBXSourcesBuildPhase;
			buildActionMask = 2147483647;
			files = (
				C773A3C326ADB6C6006ECC34 /* MovieAppUITests.swift in Sources */,
			);
			runOnlyForDeploymentPostprocessing = 0;
		};
/* End PBXSourcesBuildPhase section */

/* Begin PBXTargetDependency section */
		C773A3B526ADB6C6006ECC34 /* PBXTargetDependency */ = {
			isa = PBXTargetDependency;
			target = C773A39C26ADB6C3006ECC34 /* MovieApp */;
			targetProxy = C773A3B426ADB6C6006ECC34 /* PBXContainerItemProxy */;
		};
		C773A3C026ADB6C6006ECC34 /* PBXTargetDependency */ = {
			isa = PBXTargetDependency;
			target = C773A39C26ADB6C3006ECC34 /* MovieApp */;
			targetProxy = C773A3BF26ADB6C6006ECC34 /* PBXContainerItemProxy */;
		};
/* End PBXTargetDependency section */

/* Begin PBXVariantGroup section */
		C773A3A626ADB6C3006ECC34 /* Main.storyboard */ = {
			isa = PBXVariantGroup;
			children = (
				C773A3A726ADB6C3006ECC34 /* Base */,
			);
			name = Main.storyboard;
			sourceTree = "<group>";
		};
		C773A3AB26ADB6C6006ECC34 /* LaunchScreen.storyboard */ = {
			isa = PBXVariantGroup;
			children = (
				C773A3AC26ADB6C6006ECC34 /* Base */,
			);
			name = LaunchScreen.storyboard;
			sourceTree = "<group>";
		};
/* End PBXVariantGroup section */

/* Begin XCBuildConfiguration section */
		C773A3C526ADB6C6006ECC34 /* Debug */ = {
			isa = XCBuildConfiguration;
			buildSettings = {
				ALWAYS_SEARCH_USER_PATHS = NO;
				CLANG_ANALYZER_NONNULL = YES;
				CLANG_ANALYZER_NUMBER_OBJECT_CONVERSION = YES_AGGRESSIVE;
				CLANG_CXX_LANGUAGE_STANDARD = "gnu++14";
				CLANG_CXX_LIBRARY = "libc++";
				CLANG_ENABLE_MODULES = YES;
				CLANG_ENABLE_OBJC_ARC = YES;
				CLANG_ENABLE_OBJC_WEAK = YES;
				CLANG_WARN_BLOCK_CAPTURE_AUTORELEASING = YES;
				CLANG_WARN_BOOL_CONVERSION = YES;
				CLANG_WARN_COMMA = YES;
				CLANG_WARN_CONSTANT_CONVERSION = YES;
				CLANG_WARN_DEPRECATED_OBJC_IMPLEMENTATIONS = YES;
				CLANG_WARN_DIRECT_OBJC_ISA_USAGE = YES_ERROR;
				CLANG_WARN_DOCUMENTATION_COMMENTS = YES;
				CLANG_WARN_EMPTY_BODY = YES;
				CLANG_WARN_ENUM_CONVERSION = YES;
				CLANG_WARN_INFINITE_RECURSION = YES;
				CLANG_WARN_INT_CONVERSION = YES;
				CLANG_WARN_NON_LITERAL_NULL_CONVERSION = YES;
				CLANG_WARN_OBJC_IMPLICIT_RETAIN_SELF = YES;
				CLANG_WARN_OBJC_LITERAL_CONVERSION = YES;
				CLANG_WARN_OBJC_ROOT_CLASS = YES_ERROR;
				CLANG_WARN_QUOTED_INCLUDE_IN_FRAMEWORK_HEADER = YES;
				CLANG_WARN_RANGE_LOOP_ANALYSIS = YES;
				CLANG_WARN_STRICT_PROTOTYPES = YES;
				CLANG_WARN_SUSPICIOUS_MOVE = YES;
				CLANG_WARN_UNGUARDED_AVAILABILITY = YES_AGGRESSIVE;
				CLANG_WARN_UNREACHABLE_CODE = YES;
				CLANG_WARN__DUPLICATE_METHOD_MATCH = YES;
				COPY_PHASE_STRIP = NO;
				DEBUG_INFORMATION_FORMAT = dwarf;
				ENABLE_STRICT_OBJC_MSGSEND = YES;
				ENABLE_TESTABILITY = YES;
				GCC_C_LANGUAGE_STANDARD = gnu11;
				GCC_DYNAMIC_NO_PIC = NO;
				GCC_NO_COMMON_BLOCKS = YES;
				GCC_OPTIMIZATION_LEVEL = 0;
				GCC_PREPROCESSOR_DEFINITIONS = (
					"DEBUG=1",
					"$(inherited)",
				);
				GCC_WARN_64_TO_32_BIT_CONVERSION = YES;
				GCC_WARN_ABOUT_RETURN_TYPE = YES_ERROR;
				GCC_WARN_UNDECLARED_SELECTOR = YES;
				GCC_WARN_UNINITIALIZED_AUTOS = YES_AGGRESSIVE;
				GCC_WARN_UNUSED_FUNCTION = YES;
				GCC_WARN_UNUSED_VARIABLE = YES;
				IPHONEOS_DEPLOYMENT_TARGET = 14.4;
				MTL_ENABLE_DEBUG_INFO = INCLUDE_SOURCE;
				MTL_FAST_MATH = YES;
				ONLY_ACTIVE_ARCH = YES;
				SDKROOT = iphoneos;
				SWIFT_ACTIVE_COMPILATION_CONDITIONS = DEBUG;
				SWIFT_OPTIMIZATION_LEVEL = "-Onone";
			};
			name = Debug;
		};
		C773A3C626ADB6C6006ECC34 /* Release */ = {
			isa = XCBuildConfiguration;
			buildSettings = {
				ALWAYS_SEARCH_USER_PATHS = NO;
				CLANG_ANALYZER_NONNULL = YES;
				CLANG_ANALYZER_NUMBER_OBJECT_CONVERSION = YES_AGGRESSIVE;
				CLANG_CXX_LANGUAGE_STANDARD = "gnu++14";
				CLANG_CXX_LIBRARY = "libc++";
				CLANG_ENABLE_MODULES = YES;
				CLANG_ENABLE_OBJC_ARC = YES;
				CLANG_ENABLE_OBJC_WEAK = YES;
				CLANG_WARN_BLOCK_CAPTURE_AUTORELEASING = YES;
				CLANG_WARN_BOOL_CONVERSION = YES;
				CLANG_WARN_COMMA = YES;
				CLANG_WARN_CONSTANT_CONVERSION = YES;
				CLANG_WARN_DEPRECATED_OBJC_IMPLEMENTATIONS = YES;
				CLANG_WARN_DIRECT_OBJC_ISA_USAGE = YES_ERROR;
				CLANG_WARN_DOCUMENTATION_COMMENTS = YES;
				CLANG_WARN_EMPTY_BODY = YES;
				CLANG_WARN_ENUM_CONVERSION = YES;
				CLANG_WARN_INFINITE_RECURSION = YES;
				CLANG_WARN_INT_CONVERSION = YES;
				CLANG_WARN_NON_LITERAL_NULL_CONVERSION = YES;
				CLANG_WARN_OBJC_IMPLICIT_RETAIN_SELF = YES;
				CLANG_WARN_OBJC_LITERAL_CONVERSION = YES;
				CLANG_WARN_OBJC_ROOT_CLASS = YES_ERROR;
				CLANG_WARN_QUOTED_INCLUDE_IN_FRAMEWORK_HEADER = YES;
				CLANG_WARN_RANGE_LOOP_ANALYSIS = YES;
				CLANG_WARN_STRICT_PROTOTYPES = YES;
				CLANG_WARN_SUSPICIOUS_MOVE = YES;
				CLANG_WARN_UNGUARDED_AVAILABILITY = YES_AGGRESSIVE;
				CLANG_WARN_UNREACHABLE_CODE = YES;
				CLANG_WARN__DUPLICATE_METHOD_MATCH = YES;
				COPY_PHASE_STRIP = NO;
				DEBUG_INFORMATION_FORMAT = "dwarf-with-dsym";
				ENABLE_NS_ASSERTIONS = NO;
				ENABLE_STRICT_OBJC_MSGSEND = YES;
				GCC_C_LANGUAGE_STANDARD = gnu11;
				GCC_NO_COMMON_BLOCKS = YES;
				GCC_WARN_64_TO_32_BIT_CONVERSION = YES;
				GCC_WARN_ABOUT_RETURN_TYPE = YES_ERROR;
				GCC_WARN_UNDECLARED_SELECTOR = YES;
				GCC_WARN_UNINITIALIZED_AUTOS = YES_AGGRESSIVE;
				GCC_WARN_UNUSED_FUNCTION = YES;
				GCC_WARN_UNUSED_VARIABLE = YES;
				IPHONEOS_DEPLOYMENT_TARGET = 14.4;
				MTL_ENABLE_DEBUG_INFO = NO;
				MTL_FAST_MATH = YES;
				SDKROOT = iphoneos;
				SWIFT_COMPILATION_MODE = wholemodule;
				SWIFT_OPTIMIZATION_LEVEL = "-O";
				VALIDATE_PRODUCT = YES;
			};
			name = Release;
		};
		C773A3C826ADB6C6006ECC34 /* Debug */ = {
			isa = XCBuildConfiguration;
			buildSettings = {
				ASSETCATALOG_COMPILER_APPICON_NAME = AppIcon;
				ASSETCATALOG_COMPILER_GLOBAL_ACCENT_COLOR_NAME = AccentColor;
				CODE_SIGN_STYLE = Automatic;
				INFOPLIST_FILE = MovieApp/Info.plist;
				IPHONEOS_DEPLOYMENT_TARGET = 13.0;
				LD_RUNPATH_SEARCH_PATHS = (
					"$(inherited)",
					"@executable_path/Frameworks",
				);
				PRODUCT_BUNDLE_IDENTIFIER = ge.gkrat17.ios.MovieApp;
				PRODUCT_NAME = "$(TARGET_NAME)";
				SWIFT_VERSION = 5.0;
				TARGETED_DEVICE_FAMILY = "1,2";
			};
			name = Debug;
		};
		C773A3C926ADB6C6006ECC34 /* Release */ = {
			isa = XCBuildConfiguration;
			buildSettings = {
				ASSETCATALOG_COMPILER_APPICON_NAME = AppIcon;
				ASSETCATALOG_COMPILER_GLOBAL_ACCENT_COLOR_NAME = AccentColor;
				CODE_SIGN_STYLE = Automatic;
				INFOPLIST_FILE = MovieApp/Info.plist;
				IPHONEOS_DEPLOYMENT_TARGET = 13.0;
				LD_RUNPATH_SEARCH_PATHS = (
					"$(inherited)",
					"@executable_path/Frameworks",
				);
				PRODUCT_BUNDLE_IDENTIFIER = ge.gkrat17.ios.MovieApp;
				PRODUCT_NAME = "$(TARGET_NAME)";
				SWIFT_VERSION = 5.0;
				TARGETED_DEVICE_FAMILY = "1,2";
			};
			name = Release;
		};
		C773A3CB26ADB6C6006ECC34 /* Debug */ = {
			isa = XCBuildConfiguration;
			buildSettings = {
				ALWAYS_EMBED_SWIFT_STANDARD_LIBRARIES = YES;
				BUNDLE_LOADER = "$(TEST_HOST)";
				CODE_SIGN_STYLE = Automatic;
				INFOPLIST_FILE = MovieAppTests/Info.plist;
				IPHONEOS_DEPLOYMENT_TARGET = 14.4;
				LD_RUNPATH_SEARCH_PATHS = (
					"$(inherited)",
					"@executable_path/Frameworks",
					"@loader_path/Frameworks",
				);
				PRODUCT_BUNDLE_IDENTIFIER = ge.gkrat17.ios.MovieAppTests;
				PRODUCT_NAME = "$(TARGET_NAME)";
				SWIFT_VERSION = 5.0;
				TARGETED_DEVICE_FAMILY = "1,2";
				TEST_HOST = "$(BUILT_PRODUCTS_DIR)/MovieApp.app/MovieApp";
			};
			name = Debug;
		};
		C773A3CC26ADB6C6006ECC34 /* Release */ = {
			isa = XCBuildConfiguration;
			buildSettings = {
				ALWAYS_EMBED_SWIFT_STANDARD_LIBRARIES = YES;
				BUNDLE_LOADER = "$(TEST_HOST)";
				CODE_SIGN_STYLE = Automatic;
				INFOPLIST_FILE = MovieAppTests/Info.plist;
				IPHONEOS_DEPLOYMENT_TARGET = 14.4;
				LD_RUNPATH_SEARCH_PATHS = (
					"$(inherited)",
					"@executable_path/Frameworks",
					"@loader_path/Frameworks",
				);
				PRODUCT_BUNDLE_IDENTIFIER = ge.gkrat17.ios.MovieAppTests;
				PRODUCT_NAME = "$(TARGET_NAME)";
				SWIFT_VERSION = 5.0;
				TARGETED_DEVICE_FAMILY = "1,2";
				TEST_HOST = "$(BUILT_PRODUCTS_DIR)/MovieApp.app/MovieApp";
			};
			name = Release;
		};
		C773A3CE26ADB6C6006ECC34 /* Debug */ = {
			isa = XCBuildConfiguration;
			buildSettings = {
				ALWAYS_EMBED_SWIFT_STANDARD_LIBRARIES = YES;
				CODE_SIGN_STYLE = Automatic;
				INFOPLIST_FILE = MovieAppUITests/Info.plist;
				LD_RUNPATH_SEARCH_PATHS = (
					"$(inherited)",
					"@executable_path/Frameworks",
					"@loader_path/Frameworks",
				);
				PRODUCT_BUNDLE_IDENTIFIER = ge.gkrat17.ios.MovieAppUITests;
				PRODUCT_NAME = "$(TARGET_NAME)";
				SWIFT_VERSION = 5.0;
				TARGETED_DEVICE_FAMILY = "1,2";
				TEST_TARGET_NAME = MovieApp;
			};
			name = Debug;
		};
		C773A3CF26ADB6C6006ECC34 /* Release */ = {
			isa = XCBuildConfiguration;
			buildSettings = {
				ALWAYS_EMBED_SWIFT_STANDARD_LIBRARIES = YES;
				CODE_SIGN_STYLE = Automatic;
				INFOPLIST_FILE = MovieAppUITests/Info.plist;
				LD_RUNPATH_SEARCH_PATHS = (
					"$(inherited)",
					"@executable_path/Frameworks",
					"@loader_path/Frameworks",
				);
				PRODUCT_BUNDLE_IDENTIFIER = ge.gkrat17.ios.MovieAppUITests;
				PRODUCT_NAME = "$(TARGET_NAME)";
				SWIFT_VERSION = 5.0;
				TARGETED_DEVICE_FAMILY = "1,2";
				TEST_TARGET_NAME = MovieApp;
			};
			name = Release;
		};
/* End XCBuildConfiguration section */

/* Begin XCConfigurationList section */
		C773A39826ADB6C3006ECC34 /* Build configuration list for PBXProject "MovieApp" */ = {
			isa = XCConfigurationList;
			buildConfigurations = (
				C773A3C526ADB6C6006ECC34 /* Debug */,
				C773A3C626ADB6C6006ECC34 /* Release */,
			);
			defaultConfigurationIsVisible = 0;
			defaultConfigurationName = Release;
		};
		C773A3C726ADB6C6006ECC34 /* Build configuration list for PBXNativeTarget "MovieApp" */ = {
			isa = XCConfigurationList;
			buildConfigurations = (
				C773A3C826ADB6C6006ECC34 /* Debug */,
				C773A3C926ADB6C6006ECC34 /* Release */,
			);
			defaultConfigurationIsVisible = 0;
			defaultConfigurationName = Release;
		};
		C773A3CA26ADB6C6006ECC34 /* Build configuration list for PBXNativeTarget "MovieAppTests" */ = {
			isa = XCConfigurationList;
			buildConfigurations = (
				C773A3CB26ADB6C6006ECC34 /* Debug */,
				C773A3CC26ADB6C6006ECC34 /* Release */,
			);
			defaultConfigurationIsVisible = 0;
			defaultConfigurationName = Release;
		};
		C773A3CD26ADB6C6006ECC34 /* Build configuration list for PBXNativeTarget "MovieAppUITests" */ = {
			isa = XCConfigurationList;
			buildConfigurations = (
				C773A3CE26ADB6C6006ECC34 /* Debug */,
				C773A3CF26ADB6C6006ECC34 /* Release */,
			);
			defaultConfigurationIsVisible = 0;
			defaultConfigurationName = Release;
		};
/* End XCConfigurationList section */
	};
	rootObject = C773A39526ADB6C3006ECC34 /* Project object */;
}
